
Microsoft Visual Studio Solution File, Format Version 12.00
# Visual Studio Version 18
VisualStudioVersion = 18.0.11217.181
MinimumVisualStudioVersion = 10.0.40219.1
Project("{FAE04EC0-301F-11D3-BF4B-00C04F79EFBC}") = "lab2", "lab2\lab2.csproj", "{F3267223-6A57-4920-98E8-9A8C5B54770E}"
EndProject
Project("{FAE04EC0-301F-11D3-BF4B-00C04F79EFBC}") = "lab3", "lab3\lab3.csproj", "{1E6A725D-94BA-4990-ACAC-6CCD6A47EF98}"
EndProject
Global
	GlobalSection(SolutionConfigurationPlatforms) = preSolution
		Debug|Any CPU = Debug|Any CPU
		Release|Any CPU = Release|Any CPU
	EndGlobalSection
	GlobalSection(ProjectConfigurationPlatforms) = postSolution
		{F3267223-6A57-4920-98E8-9A8C5B54770E}.Debug|Any CPU.ActiveCfg = Debug|Any CPU
		{F3267223-6A57-4920-98E8-9A8C5B54770E}.Debug|Any CPU.Build.0 = Debug|Any CPU
		{F3267223-6A57-4920-98E8-9A8C5B54770E}.Release|Any CPU.ActiveCfg = Release|Any CPU
		{F3267223-6A57-4920-98E8-9A8C5B54770E}.Release|Any CPU.Build.0 = Release|Any CPU
		{1E6A725D-94BA-4990-ACAC-6CCD6A47EF98}.Debug|Any CPU.ActiveCfg = Debug|Any CPU
		{1E6A725D-94BA-4990-ACAC-6CCD6A47EF98}.Debug|Any CPU.Build.0 = Debug|Any CPU
		{1E6A725D-94BA-4990-ACAC-6CCD6A47EF98}.Release|Any CPU.ActiveCfg = Release|Any CPU
		{1E6A725D-94BA-4990-ACAC-6CCD6A47EF98}.Release|Any CPU.Build.0 = Release|Any CPU
	EndGlobalSection
	GlobalSection(SolutionProperties) = preSolution
		HideSolutionNode = FALSE
	EndGlobalSection
	GlobalSection(ExtensibilityGlobals) = postSolution
		SolutionGuid = {AB99357F-FF4D-43BD-ABC5-0EC211BE33F9}
	EndGlobalSection
EndGlobal
